// !$*UTF8*$!
{
	archiveVersion = 1;
	classes = {
	};
	objectVersion = 77;
	objects = {

/* Begin PBXBuildFile section */
		E54E5BFE2F9560D6007F8E16 /* WeatherProtocols.swift in Sources */ = {isa = PBXBuildFile; fileRef = E54E5BFD2F9559F3007F8E16 /* WeatherProtocols.swift */; };
		E54E5BFF2F9560DB007F8E16 /* LocationService.swift in Sources */ = {isa = PBXBuildFile; fileRef = E59FA6CC2F954FB7001EAB14 /* LocationService.swift */; };
		E54E5C002F9560E1007F8E16 /* PersistenceService.swift in Sources */ = {isa = PBXBuildFile; fileRef = E59FA6C82F9547EF001EAB14 /* PersistenceService.swift */; };
		E54E5C012F9560E6007F8E16 /* WeatherService.swift in Sources */ = {isa = PBXBuildFile; fileRef = E59FA6C72F9547CB001EAB14 /* WeatherService.swift */; };
		E54E5C022F9560EC007F8E16 /* WeatherView.swift in Sources */ = {isa = PBXBuildFile; fileRef = E59FA6CB2F954839001EAB14 /* WeatherView.swift */; };
		E54E5C042F9560F8007F8E16 /* WeatherResponse.swift in Sources */ = {isa = PBXBuildFile; fileRef = E59FA6CD2F954FD3001EAB14 /* WeatherResponse.swift */; };
		E54E5C052F9560FD007F8E16 /* WeatherCoordinator.swift in Sources */ = {isa = PBXBuildFile; fileRef = E59FA6C92F954810001EAB14 /* WeatherCoordinator.swift */; };
		E54E5C062F956104007F8E16 /* DependencyProvider.swift in Sources */ = {isa = PBXBuildFile; fileRef = E59FA6CE2F955445001EAB14 /* DependencyProvider.swift */; };
		E54E5C072F956109007F8E16 /* SceneDelegate.swift in Sources */ = {isa = PBXBuildFile; fileRef = E59FA6C62F9547AE001EAB14 /* SceneDelegate.swift */; };
		E54E5C092F956503007F8E16 /* AppDelegate.swift in Sources */ = {isa = PBXBuildFile; fileRef = E54E5C082F9564FD007F8E16 /* AppDelegate.swift */; };
		E54E5C582F95D18E007F8E16 /* LocationSearchService.swift in Sources */ = {isa = PBXBuildFile; fileRef = E54E5C572F95D184007F8E16 /* LocationSearchService.swift */; };
		E54E5C5A2F95D2BA007F8E16 /* Config.xcconfig in Resources */ = {isa = PBXBuildFile; fileRef = E54E5C592F95D2BA007F8E16 /* Config.xcconfig */; };
		E59FA6D32F95565D001EAB14 /* WeatherViewModel.swift in Sources */ = {isa = PBXBuildFile; fileRef = E59FA6CA2F954825001EAB14 /* WeatherViewModel.swift */; };
/* End PBXBuildFile section */

/* Begin PBXContainerItemProxy section */
		E59FA6A32F954763001EAB14 /* PBXContainerItemProxy */ = {
			isa = PBXContainerItemProxy;
			containerPortal = E59FA6882F954761001EAB14 /* Project object */;
			proxyType = 1;
			remoteGlobalIDString = E59FA68F2F954761001EAB14;
			remoteInfo = WeatherApp;
		};
		E59FA6AD2F954763001EAB14 /* PBXContainerItemProxy */ = {
			isa = PBXContainerItemProxy;
			containerPortal = E59FA6882F954761001EAB14 /* Project object */;
			proxyType = 1;
			remoteGlobalIDString = E59FA68F2F954761001EAB14;
			remoteInfo = WeatherApp;
		};
/* End PBXContainerItemProxy section */

/* Begin PBXFileReference section */
		E54E5BFD2F9559F3007F8E16 /* WeatherProtocols.swift */ = {isa = PBXFileReference; lastKnownFileType = sourcecode.swift; path = WeatherProtocols.swift; sourceTree = "<group>"; };
		E54E5C082F9564FD007F8E16 /* AppDelegate.swift */ = {isa = PBXFileReference; lastKnownFileType = sourcecode.swift; path = AppDelegate.swift; sourceTree = "<group>"; };
		E54E5C572F95D184007F8E16 /* LocationSearchService.swift */ = {isa = PBXFileReference; lastKnownFileType = sourcecode.swift; path = LocationSearchService.swift; sourceTree = "<group>"; };
		E54E5C592F95D2BA007F8E16 /* Config.xcconfig */ = {isa = PBXFileReference; lastKnownFileType = text.xcconfig; path = Config.xcconfig; sourceTree = "<group>"; };
		E59FA6902F954761001EAB14 /* WeatherApp.app */ = {isa = PBXFileReference; explicitFileType = wrapper.application; includeInIndex = 0; path = WeatherApp.app; sourceTree = BUILT_PRODUCTS_DIR; };
		E59FA6A22F954763001EAB14 /* WeatherAppTests.xctest */ = {isa = PBXFileReference; explicitFileType = wrapper.cfbundle; includeInIndex = 0; path = WeatherAppTests.xctest; sourceTree = BUILT_PRODUCTS_DIR; };
		E59FA6AC2F954763001EAB14 /* WeatherAppUITests.xctest */ = {isa = PBXFileReference; explicitFileType = wrapper.cfbundle; includeInIndex = 0; path = WeatherAppUITests.xctest; sourceTree = BUILT_PRODUCTS_DIR; };
		E59FA6C62F9547AE001EAB14 /* SceneDelegate.swift */ = {isa = PBXFileReference; lastKnownFileType = sourcecode.swift; path = SceneDelegate.swift; sourceTree = "<group>"; };
		E59FA6C72F9547CB001EAB14 /* WeatherService.swift */ = {isa = PBXFileReference; lastKnownFileType = sourcecode.swift; path = WeatherService.swift; sourceTree = "<group>"; };
		E59FA6C82F9547EF001EAB14 /* PersistenceService.swift */ = {isa = PBXFileReference; lastKnownFileType = sourcecode.swift; path = PersistenceService.swift; sourceTree = "<group>"; };
		E59FA6C92F954810001EAB14 /* WeatherCoordinator.swift */ = {isa = PBXFileReference; lastKnownFileType = sourcecode.swift; path = WeatherCoordinator.swift; sourceTree = "<group>"; };
		E59FA6CA2F954825001EAB14 /* WeatherViewModel.swift */ = {isa = PBXFileReference; lastKnownFileType = sourcecode.swift; path = WeatherViewModel.swift; sourceTree = "<group>"; };
		E59FA6CB2F954839001EAB14 /* WeatherView.swift */ = {isa = PBXFileReference; lastKnownFileType = sourcecode.swift; path = WeatherView.swift; sourceTree = "<group>"; };
		E59FA6CC2F954FB7001EAB14 /* LocationService.swift */ = {isa = PBXFileReference; lastKnownFileType = sourcecode.swift; path = LocationService.swift; sourceTree = "<group>"; };
		E59FA6CD2F954FD3001EAB14 /* WeatherResponse.swift */ = {isa = PBXFileReference; lastKnownFileType = sourcecode.swift; path = WeatherResponse.swift; sourceTree = "<group>"; };
		E59FA6CE2F955445001EAB14 /* DependencyProvider.swift */ = {isa = PBXFileReference; lastKnownFileType = sourcecode.swift; path = DependencyProvider.swift; sourceTree = "<group>"; };
/* End PBXFileReference section */

/* Begin PBXFileSystemSynchronizedBuildFileExceptionSet section */
		E54E5C0B2F9565A9007F8E16 /* Exceptions for "WeatherApp" folder in "WeatherApp" target */ = {
			isa = PBXFileSystemSynchronizedBuildFileExceptionSet;
			membershipExceptions = (
				Info.plist,
			);
			target = E59FA68F2F954761001EAB14 /* WeatherApp */;
		};
/* End PBXFileSystemSynchronizedBuildFileExceptionSet section */

/* Begin PBXFileSystemSynchronizedRootGroup section */
		E59FA6922F954761001EAB14 /* WeatherApp */ = {
			isa = PBXFileSystemSynchronizedRootGroup;
			exceptions = (
				E54E5C0B2F9565A9007F8E16 /* Exceptions for "WeatherApp" folder in "WeatherApp" target */,
			);
			path = WeatherApp;
			sourceTree = "<group>";
		};
		E59FA6A52F954763001EAB14 /* WeatherAppTests */ = {
			isa = PBXFileSystemSynchronizedRootGroup;
			path = WeatherAppTests;
			sourceTree = "<group>";
		};
		E59FA6AF2F954763001EAB14 /* WeatherAppUITests */ = {
			isa = PBXFileSystemSynchronizedRootGroup;
			path = WeatherAppUITests;
			sourceTree = "<group>";
		};
/* End PBXFileSystemSynchronizedRootGroup section */

/* Begin PBXFrameworksBuildPhase section */
		E59FA68D2F954761001EAB14 /* Frameworks */ = {
			isa = PBXFrameworksBuildPhase;
			buildActionMask = 2147483647;
			files = (
			);
			runOnlyForDeploymentPostprocessing = 0;
		};
		E59FA69F2F954763001EAB14 /* Frameworks */ = {
			isa = PBXFrameworksBuildPhase;
			buildActionMask = 2147483647;
			files = (
			);
			runOnlyForDeploymentPostprocessing = 0;
		};
		E59FA6A92F954763001EAB14 /* Frameworks */ = {
			isa = PBXFrameworksBuildPhase;
			buildActionMask = 2147483647;
			files = (
			);
			runOnlyForDeploymentPostprocessing = 0;
		};
/* End PBXFrameworksBuildPhase section */

/* Begin PBXGroup section */
		E59FA6872F954761001EAB14 = {
			isa = PBXGroup;
			children = (
				E59FA6C52F95479F001EAB14 /* Protocols */,
				E59FA6C42F95479A001EAB14 /* Services */,
				E59FA6C32F954794001EAB14 /* Views */,
				E59FA6C22F95478C001EAB14 /* ViewModels */,
				E59FA6C12F954787001EAB14 /* Models */,
				E59FA6C02F95477D001EAB14 /* Coordinator */,
				E59FA6BF2F954776001EAB14 /* App */,
				E59FA6922F954761001EAB14 /* WeatherApp */,
				E59FA6A52F954763001EAB14 /* WeatherAppTests */,
				E59FA6AF2F954763001EAB14 /* WeatherAppUITests */,
				E59FA6912F954761001EAB14 /* Products */,
			);
			sourceTree = "<group>";
		};
		E59FA6912F954761001EAB14 /* Products */ = {
			isa = PBXGroup;
			children = (
				E59FA6902F954761001EAB14 /* WeatherApp.app */,
				E59FA6A22F954763001EAB14 /* WeatherAppTests.xctest */,
				E59FA6AC2F954763001EAB14 /* WeatherAppUITests.xctest */,
			);
			name = Products;
			sourceTree = "<group>";
		};
		E59FA6BF2F954776001EAB14 /* App */ = {
			isa = PBXGroup;
			children = (
				E54E5C082F9564FD007F8E16 /* AppDelegate.swift */,
				E59FA6CE2F955445001EAB14 /* DependencyProvider.swift */,
				E59FA6C62F9547AE001EAB14 /* SceneDelegate.swift */,
				E54E5C592F95D2BA007F8E16 /* Config.xcconfig */,
			);
			path = App;
			sourceTree = "<group>";
		};
		E59FA6C02F95477D001EAB14 /* Coordinator */ = {
			isa = PBXGroup;
			children = (
				E59FA6C92F954810001EAB14 /* WeatherCoordinator.swift */,
			);
			path = Coordinator;
			sourceTree = "<group>";
		};
		E59FA6C12F954787001EAB14 /* Models */ = {
			isa = PBXGroup;
			children = (
				E59FA6CD2F954FD3001EAB14 /* WeatherResponse.swift */,
			);
			path = Models;
			sourceTree = "<group>";
		};
		E59FA6C22F95478C001EAB14 /* ViewModels */ = {
			isa = PBXGroup;
			children = (
				E59FA6CA2F954825001EAB14 /* WeatherViewModel.swift */,
			);
			path = ViewModels;
			sourceTree = "<group>";
		};
		E59FA6C32F954794001EAB14 /* Views */ = {
			isa = PBXGroup;
			children = (
				E59FA6CB2F954839001EAB14 /* WeatherView.swift */,
			);
			path = Views;
			sourceTree = "<group>";
		};
		E59FA6C42F95479A001EAB14 /* Services */ = {
			isa = PBXGroup;
			children = (
				E54E5C572F95D184007F8E16 /* LocationSearchService.swift */,
				E59FA6CC2F954FB7001EAB14 /* LocationService.swift */,
				E59FA6C82F9547EF001EAB14 /* PersistenceService.swift */,
				E59FA6C72F9547CB001EAB14 /* WeatherService.swift */,
			);
			path = Services;
			sourceTree = "<group>";
		};
		E59FA6C52F95479F001EAB14 /* Protocols */ = {
			isa = PBXGroup;
			children = (
				E54E5BFD2F9559F3007F8E16 /* WeatherProtocols.swift */,
			);
			path = Protocols;
			sourceTree = "<group>";
		};
/* End PBXGroup section */

/* Begin PBXNativeTarget section */
		E59FA68F2F954761001EAB14 /* WeatherApp */ = {
			isa = PBXNativeTarget;
			buildConfigurationList = E59FA6B62F954763001EAB14 /* Build configuration list for PBXNativeTarget "WeatherApp" */;
			buildPhases = (
				E59FA68C2F954761001EAB14 /* Sources */,
				E59FA68D2F954761001EAB14 /* Frameworks */,
				E59FA68E2F954761001EAB14 /* Resources */,
			);
			buildRules = (
			);
			dependencies = (
			);
			fileSystemSynchronizedGroups = (
				E59FA6922F954761001EAB14 /* WeatherApp */,
			);
			name = WeatherApp;
			packageProductDependencies = (
			);
			productName = WeatherApp;
			productReference = E59FA6902F954761001EAB14 /* WeatherApp.app */;
			productType = "com.apple.product-type.application";
		};
		E59FA6A12F954763001EAB14 /* WeatherAppTests */ = {
			isa = PBXNativeTarget;
			buildConfigurationList = E59FA6B92F954763001EAB14 /* Build configuration list for PBXNativeTarget "WeatherAppTests" */;
			buildPhases = (
				E59FA69E2F954763001EAB14 /* Sources */,
				E59FA69F2F954763001EAB14 /* Frameworks */,
				E59FA6A02F954763001EAB14 /* Resources */,
			);
			buildRules = (
			);
			dependencies = (
				E59FA6A42F954763001EAB14 /* PBXTargetDependency */,
			);
			fileSystemSynchronizedGroups = (
				E59FA6A52F954763001EAB14 /* WeatherAppTests */,
			);
			name = WeatherAppTests;
			packageProductDependencies = (
			);
			productName = WeatherAppTests;
			productReference = E59FA6A22F954763001EAB14 /* WeatherAppTests.xctest */;
			productType = "com.apple.product-type.bundle.unit-test";
		};
		E59FA6AB2F954763001EAB14 /* WeatherAppUITests */ = {
			isa = PBXNativeTarget;
			buildConfigurationList = E59FA6BC2F954763001EAB14 /* Build configuration list for PBXNativeTarget "WeatherAppUITests" */;
			buildPhases = (
				E59FA6A82F954763001EAB14 /* Sources */,
				E59FA6A92F954763001EAB14 /* Frameworks */,
				E59FA6AA2F954763001EAB14 /* Resources */,
			);
			buildRules = (
			);
			dependencies = (
				E59FA6AE2F954763001EAB14 /* PBXTargetDependency */,
			);
			fileSystemSynchronizedGroups = (
				E59FA6AF2F954763001EAB14 /* WeatherAppUITests */,
			);
			name = WeatherAppUITests;
			packageProductDependencies = (
			);
			productName = WeatherAppUITests;
			productReference = E59FA6AC2F954763001EAB14 /* WeatherAppUITests.xctest */;
			productType = "com.apple.product-type.bundle.ui-testing";
		};
/* End PBXNativeTarget section */

/* Begin PBXProject section */
		E59FA6882F954761001EAB14 /* Project object */ = {
			isa = PBXProject;
			attributes = {
				BuildIndependentTargetsInParallel = 1;
				LastSwiftUpdateCheck = 2640;
				LastUpgradeCheck = 2640;
				TargetAttributes = {
					E59FA68F2F954761001EAB14 = {
						CreatedOnToolsVersion = 26.4;
					};
					E59FA6A12F954763001EAB14 = {
						CreatedOnToolsVersion = 26.4;
						TestTargetID = E59FA68F2F954761001EAB14;
					};
					E59FA6AB2F954763001EAB14 = {
						CreatedOnToolsVersion = 26.4;
						TestTargetID = E59FA68F2F954761001EAB14;
					};
				};
			};
			buildConfigurationList = E59FA68B2F954761001EAB14 /* Build configuration list for PBXProject "WeatherApp" */;
			developmentRegion = en;
			hasScannedForEncodings = 0;
			knownRegions = (
				en,
				Base,
			);
			mainGroup = E59FA6872F954761001EAB14;
			minimizedProjectReferenceProxies = 1;
			preferredProjectObjectVersion = 77;
			productRefGroup = E59FA6912F954761001EAB14 /* Products */;
			projectDirPath = "";
			projectRoot = "";
			targets = (
				E59FA68F2F954761001EAB14 /* WeatherApp */,
				E59FA6A12F954763001EAB14 /* WeatherAppTests */,
				E59FA6AB2F954763001EAB14 /* WeatherAppUITests */,
			);
		};
/* End PBXProject section */

/* Begin PBXResourcesBuildPhase section */
		E59FA68E2F954761001EAB14 /* Resources */ = {
			isa = PBXResourcesBuildPhase;
			buildActionMask = 2147483647;
			files = (
				E54E5C5A2F95D2BA007F8E16 /* Config.xcconfig in Resources */,
			);
			runOnlyForDeploymentPostprocessing = 0;
		};
		E59FA6A02F954763001EAB14 /* Resources */ = {
			isa = PBXResourcesBuildPhase;
			buildActionMask = 2147483647;
			files = (
			);
			runOnlyForDeploymentPostprocessing = 0;
		};
		E59FA6AA2F954763001EAB14 /* Resources */ = {
			isa = PBXResourcesBuildPhase;
			buildActionMask = 2147483647;
			files = (
			);
			runOnlyForDeploymentPostprocessing = 0;
		};
/* End PBXResourcesBuildPhase section */

/* Begin PBXSourcesBuildPhase section */
		E59FA68C2F954761001EAB14 /* Sources */ = {
			isa = PBXSourcesBuildPhase;
			buildActionMask = 2147483647;
			files = (
				E54E5BFF2F9560DB007F8E16 /* LocationService.swift in Sources */,
				E54E5C012F9560E6007F8E16 /* WeatherService.swift in Sources */,
				E54E5C002F9560E1007F8E16 /* PersistenceService.swift in Sources */,
				E54E5BFE2F9560D6007F8E16 /* WeatherProtocols.swift in Sources */,
				E54E5C092F956503007F8E16 /* AppDelegate.swift in Sources */,
				E54E5C052F9560FD007F8E16 /* WeatherCoordinator.swift in Sources */,
				E54E5C582F95D18E007F8E16 /* LocationSearchService.swift in Sources */,
				E54E5C072F956109007F8E16 /* SceneDelegate.swift in Sources */,
				E59FA6D32F95565D001EAB14 /* WeatherViewModel.swift in Sources */,
				E54E5C062F956104007F8E16 /* DependencyProvider.swift in Sources */,
				E54E5C022F9560EC007F8E16 /* WeatherView.swift in Sources */,
				E54E5C042F9560F8007F8E16 /* WeatherResponse.swift in Sources */,
			);
			runOnlyForDeploymentPostprocessing = 0;
		};
		E59FA69E2F954763001EAB14 /* Sources */ = {
			isa = PBXSourcesBuildPhase;
			buildActionMask = 2147483647;
			files = (
			);
			runOnlyForDeploymentPostprocessing = 0;
		};
		E59FA6A82F954763001EAB14 /* Sources */ = {
			isa = PBXSourcesBuildPhase;
			buildActionMask = 2147483647;
			files = (
			);
			runOnlyForDeploymentPostprocessing = 0;
		};
/* End PBXSourcesBuildPhase section */

/* Begin PBXTargetDependency section */
		E59FA6A42F954763001EAB14 /* PBXTargetDependency */ = {
			isa = PBXTargetDependency;
			target = E59FA68F2F954761001EAB14 /* WeatherApp */;
			targetProxy = E59FA6A32F954763001EAB14 /* PBXContainerItemProxy */;
		};
		E59FA6AE2F954763001EAB14 /* PBXTargetDependency */ = {
			isa = PBXTargetDependency;
			target = E59FA68F2F954761001EAB14 /* WeatherApp */;
			targetProxy = E59FA6AD2F954763001EAB14 /* PBXContainerItemProxy */;
		};
/* End PBXTargetDependency section */

/* Begin XCBuildConfiguration section */
		E59FA6B42F954763001EAB14 /* Debug */ = {
			isa = XCBuildConfiguration;
			baseConfigurationReference = E54E5C592F95D2BA007F8E16 /* Config.xcconfig */;
			buildSettings = {
				ALWAYS_SEARCH_USER_PATHS = NO;
				ASSETCATALOG_COMPILER_GENERATE_SWIFT_ASSET_SYMBOL_EXTENSIONS = YES;
				CLANG_ANALYZER_NONNULL = YES;
				CLANG_ANALYZER_NUMBER_OBJECT_CONVERSION = YES_AGGRESSIVE;
				CLANG_CXX_LANGUAGE_STANDARD = "gnu++20";
				CLANG_ENABLE_MODULES = YES;
				CLANG_ENABLE_OBJC_ARC = YES;
				CLANG_ENABLE_OBJC_WEAK = YES;
				CLANG_WARN_BLOCK_CAPTURE_AUTORELEASING = YES;
				CLANG_WARN_BOOL_CONVERSION = YES;
				CLANG_WARN_COMMA = YES;
				CLANG_WARN_CONSTANT_CONVERSION = YES;
				CLANG_WARN_DEPRECATED_OBJC_IMPLEMENTATIONS = YES;
				CLANG_WARN_DIRECT_OBJC_ISA_USAGE = YES_ERROR;
				CLANG_WARN_DOCUMENTATION_COMMENTS = YES;
				CLANG_WARN_EMPTY_BODY = YES;
				CLANG_WARN_ENUM_CONVERSION = YES;
				CLANG_WARN_INFINITE_RECURSION = YES;
				CLANG_WARN_INT_CONVERSION = YES;
				CLANG_WARN_NON_LITERAL_NULL_CONVERSION = YES;
				CLANG_WARN_OBJC_IMPLICIT_RETAIN_SELF = YES;
				CLANG_WARN_OBJC_LITERAL_CONVERSION = YES;
				CLANG_WARN_OBJC_ROOT_CLASS = YES_ERROR;
				CLANG_WARN_QUOTED_INCLUDE_IN_FRAMEWORK_HEADER = YES;
				CLANG_WARN_RANGE_LOOP_ANALYSIS = YES;
				CLANG_WARN_STRICT_PROTOTYPES = YES;
				CLANG_WARN_SUSPICIOUS_MOVE = YES;
				CLANG_WARN_UNGUARDED_AVAILABILITY = YES_AGGRESSIVE;
				CLANG_WARN_UNREACHABLE_CODE = YES;
				CLANG_WARN__DUPLICATE_METHOD_MATCH = YES;
				COPY_PHASE_STRIP = NO;
				DEBUG_INFORMATION_FORMAT = dwarf;
				DEVELOPMENT_TEAM = 66QCY5GK65;
				ENABLE_STRICT_OBJC_MSGSEND = YES;
				ENABLE_TESTABILITY = YES;
				ENABLE_USER_SCRIPT_SANDBOXING = YES;
				GCC_C_LANGUAGE_STANDARD = gnu17;
				GCC_DYNAMIC_NO_PIC = NO;
				GCC_NO_COMMON_BLOCKS = YES;
				GCC_OPTIMIZATION_LEVEL = 0;
				GCC_PREPROCESSOR_DEFINITIONS = (
					"DEBUG=1",
					"$(inherited)",
				);
				GCC_WARN_64_TO_32_BIT_CONVERSION = YES;
				GCC_WARN_ABOUT_RETURN_TYPE = YES_ERROR;
				GCC_WARN_UNDECLARED_SELECTOR = YES;
				GCC_WARN_UNINITIALIZED_AUTOS = YES_AGGRESSIVE;
				GCC_WARN_UNUSED_FUNCTION = YES;
				GCC_WARN_UNUSED_VARIABLE = YES;
				IPHONEOS_DEPLOYMENT_TARGET = 26.4;
				LOCALIZATION_PREFERS_STRING_CATALOGS = YES;
				MTL_ENABLE_DEBUG_INFO = INCLUDE_SOURCE;
				MTL_FAST_MATH = YES;
				ONLY_ACTIVE_ARCH = YES;
				SDKROOT = iphoneos;
				SWIFT_ACTIVE_COMPILATION_CONDITIONS = "DEBUG $(inherited)";
				SWIFT_OPTIMIZATION_LEVEL = "-Onone";
			};
			name = Debug;
		};
		E59FA6B52F954763001EAB14 /* Release */ = {
			isa = XCBuildConfiguration;
			baseConfigurationReference = E54E5C592F95D2BA007F8E16 /* Config.xcconfig */;
			buildSettings = {
				ALWAYS_SEARCH_USER_PATHS = NO;
				ASSETCATALOG_COMPILER_GENERATE_SWIFT_ASSET_SYMBOL_EXTENSIONS = YES;
				CLANG_ANALYZER_NONNULL = YES;
				CLANG_ANALYZER_NUMBER_OBJECT_CONVERSION = YES_AGGRESSIVE;
				CLANG_CXX_LANGUAGE_STANDARD = "gnu++20";
				CLANG_ENABLE_MODULES = YES;
				CLANG_ENABLE_OBJC_ARC = YES;
				CLANG_ENABLE_OBJC_WEAK = YES;
				CLANG_WARN_BLOCK_CAPTURE_AUTORELEASING = YES;
				CLANG_WARN_BOOL_CONVERSION = YES;
				CLANG_WARN_COMMA = YES;
				CLANG_WARN_CONSTANT_CONVERSION = YES;
				CLANG_WARN_DEPRECATED_OBJC_IMPLEMENTATIONS = YES;
				CLANG_WARN_DIRECT_OBJC_ISA_USAGE = YES_ERROR;
				CLANG_WARN_DOCUMENTATION_COMMENTS = YES;
				CLANG_WARN_EMPTY_BODY = YES;
				CLANG_WARN_ENUM_CONVERSION = YES;
				CLANG_WARN_INFINITE_RECURSION = YES;
				CLANG_WARN_INT_CONVERSION = YES;
				CLANG_WARN_NON_LITERAL_NULL_CONVERSION = YES;
				CLANG_WARN_OBJC_IMPLICIT_RETAIN_SELF = YES;
				CLANG_WARN_OBJC_LITERAL_CONVERSION = YES;
				CLANG_WARN_OBJC_ROOT_CLASS = YES_ERROR;
				CLANG_WARN_QUOTED_INCLUDE_IN_FRAMEWORK_HEADER = YES;
				CLANG_WARN_RANGE_LOOP_ANALYSIS = YES;
				CLANG_WARN_STRICT_PROTOTYPES = YES;
				CLANG_WARN_SUSPICIOUS_MOVE = YES;
				CLANG_WARN_UNGUARDED_AVAILABILITY = YES_AGGRESSIVE;
				CLANG_WARN_UNREACHABLE_CODE = YES;
				CLANG_WARN__DUPLICATE_METHOD_MATCH = YES;
				COPY_PHASE_STRIP = NO;
				DEBUG_INFORMATION_FORMAT = "dwarf-with-dsym";
				DEVELOPMENT_TEAM = 66QCY5GK65;
				ENABLE_NS_ASSERTIONS = NO;
				ENABLE_STRICT_OBJC_MSGSEND = YES;
				ENABLE_USER_SCRIPT_SANDBOXING = YES;
				GCC_C_LANGUAGE_STANDARD = gnu17;
				GCC_NO_COMMON_BLOCKS = YES;
				GCC_WARN_64_TO_32_BIT_CONVERSION = YES;
				GCC_WARN_ABOUT_RETURN_TYPE = YES_ERROR;
				GCC_WARN_UNDECLARED_SELECTOR = YES;
				GCC_WARN_UNINITIALIZED_AUTOS = YES_AGGRESSIVE;
				GCC_WARN_UNUSED_FUNCTION = YES;
				GCC_WARN_UNUSED_VARIABLE = YES;
				IPHONEOS_DEPLOYMENT_TARGET = 26.4;
				LOCALIZATION_PREFERS_STRING_CATALOGS = YES;
				MTL_ENABLE_DEBUG_INFO = NO;
				MTL_FAST_MATH = YES;
				SDKROOT = iphoneos;
				SWIFT_COMPILATION_MODE = wholemodule;
				VALIDATE_PRODUCT = YES;
			};
			name = Release;
		};
		E59FA6B72F954763001EAB14 /* Debug */ = {
			isa = XCBuildConfiguration;
			buildSettings = {
				ASSETCATALOG_COMPILER_APPICON_NAME = AppIcon;
				ASSETCATALOG_COMPILER_GLOBAL_ACCENT_COLOR_NAME = AccentColor;
				CODE_SIGN_STYLE = Automatic;
				CURRENT_PROJECT_VERSION = 1;
				DEVELOPMENT_TEAM = 66QCY5GK65;
				ENABLE_PREVIEWS = YES;
				GENERATE_INFOPLIST_FILE = YES;
				INFOPLIST_FILE = WeatherApp/Info.plist;
				INFOPLIST_KEY_NSLocationWhenInUseUsageDescription = "We need your location to show you the local weather.";
				INFOPLIST_KEY_UIApplicationSupportsIndirectInputEvents = YES;
				INFOPLIST_KEY_UILaunchScreen_Generation = YES;
				INFOPLIST_KEY_UISupportedInterfaceOrientations_iPad = "UIInterfaceOrientationPortrait UIInterfaceOrientationPortraitUpsideDown UIInterfaceOrientationLandscapeLeft UIInterfaceOrientationLandscapeRight";
				INFOPLIST_KEY_UISupportedInterfaceOrientations_iPhone = "UIInterfaceOrientationPortrait UIInterfaceOrientationLandscapeLeft UIInterfaceOrientationLandscapeRight";
				LD_RUNPATH_SEARCH_PATHS = (
					"$(inherited)",
					"@executable_path/Frameworks",
				);
				MARKETING_VERSION = 1.0;
				PRODUCT_BUNDLE_IDENTIFIER = com.Prem.WeatherApp;
				PRODUCT_NAME = "$(TARGET_NAME)";
				STRING_CATALOG_GENERATE_SYMBOLS = YES;
				SWIFT_APPROACHABLE_CONCURRENCY = YES;
				SWIFT_DEFAULT_ACTOR_ISOLATION = MainActor;
				SWIFT_EMIT_LOC_STRINGS = YES;
				SWIFT_UPCOMING_FEATURE_MEMBER_IMPORT_VISIBILITY = YES;
				SWIFT_VERSION = 5.0;
				TARGETED_DEVICE_FAMILY = "1,2";
			};
			name = Debug;
		};
		E59FA6B82F954763001EAB14 /* Release */ = {
			isa = XCBuildConfiguration;
			buildSettings = {
				ASSETCATALOG_COMPILER_APPICON_NAME = AppIcon;
				ASSETCATALOG_COMPILER_GLOBAL_ACCENT_COLOR_NAME = AccentColor;
				CODE_SIGN_STYLE = Automatic;
				CURRENT_PROJECT_VERSION = 1;
				DEVELOPMENT_TEAM = 66QCY5GK65;
				ENABLE_PREVIEWS = YES;
				GENERATE_INFOPLIST_FILE = YES;
				INFOPLIST_FILE = WeatherApp/Info.plist;
				INFOPLIST_KEY_NSLocationWhenInUseUsageDescription = "We need your location to show you the local weather.";
				INFOPLIST_KEY_UIApplicationSupportsIndirectInputEvents = YES;
				INFOPLIST_KEY_UILaunchScreen_Generation = YES;
				INFOPLIST_KEY_UISupportedInterfaceOrientations_iPad = "UIInterfaceOrientationPortrait UIInterfaceOrientationPortraitUpsideDown UIInterfaceOrientationLandscapeLeft UIInterfaceOrientationLandscapeRight";
				INFOPLIST_KEY_UISupportedInterfaceOrientations_iPhone = "UIInterfaceOrientationPortrait UIInterfaceOrientationLandscapeLeft UIInterfaceOrientationLandscapeRight";
				LD_RUNPATH_SEARCH_PATHS = (
					"$(inherited)",
					"@executable_path/Frameworks",
				);
				MARKETING_VERSION = 1.0;
				PRODUCT_BUNDLE_IDENTIFIER = com.Prem.WeatherApp;
				PRODUCT_NAME = "$(TARGET_NAME)";
				STRING_CATALOG_GENERATE_SYMBOLS = YES;
				SWIFT_APPROACHABLE_CONCURRENCY = YES;
				SWIFT_DEFAULT_ACTOR_ISOLATION = MainActor;
				SWIFT_EMIT_LOC_STRINGS = YES;
				SWIFT_UPCOMING_FEATURE_MEMBER_IMPORT_VISIBILITY = YES;
				SWIFT_VERSION = 5.0;
				TARGETED_DEVICE_FAMILY = "1,2";
			};
			name = Release;
		};
		E59FA6BA2F954763001EAB14 /* Debug */ = {
			isa = XCBuildConfiguration;
			buildSettings = {
				BUNDLE_LOADER = "$(TEST_HOST)";
				CODE_SIGN_STYLE = Automatic;
				CURRENT_PROJECT_VERSION = 1;
				DEVELOPMENT_TEAM = 66QCY5GK65;
				GENERATE_INFOPLIST_FILE = YES;
				IPHONEOS_DEPLOYMENT_TARGET = 26.4;
				MARKETING_VERSION = 1.0;
				PRODUCT_BUNDLE_IDENTIFIER = com.Prem.WeatherAppTests;
				PRODUCT_NAME = "$(TARGET_NAME)";
				STRING_CATALOG_GENERATE_SYMBOLS = NO;
				SWIFT_APPROACHABLE_CONCURRENCY = YES;
				SWIFT_EMIT_LOC_STRINGS = NO;
				SWIFT_UPCOMING_FEATURE_MEMBER_IMPORT_VISIBILITY = YES;
				SWIFT_VERSION = 5.0;
				TARGETED_DEVICE_FAMILY = "1,2";
				TEST_HOST = "$(BUILT_PRODUCTS_DIR)/WeatherApp.app/$(BUNDLE_EXECUTABLE_FOLDER_PATH)/WeatherApp";
			};
			name = Debug;
		};
		E59FA6BB2F954763001EAB14 /* Release */ = {
			isa = XCBuildConfiguration;
			buildSettings = {
				BUNDLE_LOADER = "$(TEST_HOST)";
				CODE_SIGN_STYLE = Automatic;
				CURRENT_PROJECT_VERSION = 1;
				DEVELOPMENT_TEAM = 66QCY5GK65;
				GENERATE_INFOPLIST_FILE = YES;
				IPHONEOS_DEPLOYMENT_TARGET = 26.4;
				MARKETING_VERSION = 1.0;
				PRODUCT_BUNDLE_IDENTIFIER = com.Prem.WeatherAppTests;
				PRODUCT_NAME = "$(TARGET_NAME)";
				STRING_CATALOG_GENERATE_SYMBOLS = NO;
				SWIFT_APPROACHABLE_CONCURRENCY = YES;
				SWIFT_EMIT_LOC_STRINGS = NO;
				SWIFT_UPCOMING_FEATURE_MEMBER_IMPORT_VISIBILITY = YES;
				SWIFT_VERSION = 5.0;
				TARGETED_DEVICE_FAMILY = "1,2";
				TEST_HOST = "$(BUILT_PRODUCTS_DIR)/WeatherApp.app/$(BUNDLE_EXECUTABLE_FOLDER_PATH)/WeatherApp";
			};
			name = Release;
		};
		E59FA6BD2F954763001EAB14 /* Debug */ = {
			isa = XCBuildConfiguration;
			buildSettings = {
				CODE_SIGN_STYLE = Automatic;
				CURRENT_PROJECT_VERSION = 1;
				DEVELOPMENT_TEAM = 66QCY5GK65;
				GENERATE_INFOPLIST_FILE = YES;
				MARKETING_VERSION = 1.0;
				PRODUCT_BUNDLE_IDENTIFIER = com.Prem.WeatherAppUITests;
				PRODUCT_NAME = "$(TARGET_NAME)";
				STRING_CATALOG_GENERATE_SYMBOLS = NO;
				SWIFT_APPROACHABLE_CONCURRENCY = YES;
				SWIFT_EMIT_LOC_STRINGS = NO;
				SWIFT_UPCOMING_FEATURE_MEMBER_IMPORT_VISIBILITY = YES;
				SWIFT_VERSION = 5.0;
				TARGETED_DEVICE_FAMILY = "1,2";
				TEST_TARGET_NAME = WeatherApp;
			};
			name = Debug;
		};
		E59FA6BE2F954763001EAB14 /* Release */ = {
			isa = XCBuildConfiguration;
			buildSettings = {
				CODE_SIGN_STYLE = Automatic;
				CURRENT_PROJECT_VERSION = 1;
				DEVELOPMENT_TEAM = 66QCY5GK65;
				GENERATE_INFOPLIST_FILE = YES;
				MARKETING_VERSION = 1.0;
				PRODUCT_BUNDLE_IDENTIFIER = com.Prem.WeatherAppUITests;
				PRODUCT_NAME = "$(TARGET_NAME)";
				STRING_CATALOG_GENERATE_SYMBOLS = NO;
				SWIFT_APPROACHABLE_CONCURRENCY = YES;
				SWIFT_EMIT_LOC_STRINGS = NO;
				SWIFT_UPCOMING_FEATURE_MEMBER_IMPORT_VISIBILITY = YES;
				SWIFT_VERSION = 5.0;
				TARGETED_DEVICE_FAMILY = "1,2";
				TEST_TARGET_NAME = WeatherApp;
			};
			name = Release;
		};
/* End XCBuildConfiguration section */

/* Begin XCConfigurationList section */
		E59FA68B2F954761001EAB14 /* Build configuration list for PBXProject "WeatherApp" */ = {
			isa = XCConfigurationList;
			buildConfigurations = (
				E59FA6B42F954763001EAB14 /* Debug */,
				E59FA6B52F954763001EAB14 /* Release */,
			);
			defaultConfigurationIsVisible = 0;
			defaultConfigurationName = Release;
		};
		E59FA6B62F954763001EAB14 /* Build configuration list for PBXNativeTarget "WeatherApp" */ = {
			isa = XCConfigurationList;
			buildConfigurations = (
				E59FA6B72F954763001EAB14 /* Debug */,
				E59FA6B82F954763001EAB14 /* Release */,
			);
			defaultConfigurationIsVisible = 0;
			defaultConfigurationName = Release;
		};
		E59FA6B92F954763001EAB14 /* Build configuration list for PBXNativeTarget "WeatherAppTests" */ = {
			isa = XCConfigurationList;
			buildConfigurations = (
				E59FA6BA2F954763001EAB14 /* Debug */,
				E59FA6BB2F954763001EAB14 /* Release */,
			);
			defaultConfigurationIsVisible = 0;
			defaultConfigurationName = Release;
		};
		E59FA6BC2F954763001EAB14 /* Build configuration list for PBXNativeTarget "WeatherAppUITests" */ = {
			isa = XCConfigurationList;
			buildConfigurations = (
				E59FA6BD2F954763001EAB14 /* Debug */,
				E59FA6BE2F954763001EAB14 /* Release */,
			);
			defaultConfigurationIsVisible = 0;
			defaultConfigurationName = Release;
		};
/* End XCConfigurationList section */
	};
	rootObject = E59FA6882F954761001EAB14 /* Project object */;
}
